
Microsoft Visual Studio Solution File, Format Version 12.00
# Visual Studio Version 17
VisualStudioVersion = 17.11.35303.130
MinimumVisualStudioVersion = 10.0.40219.1
Project("{2150E333-8FDC-42A3-9474-1A3956D46DE8}") = "Task0", "Task0", "{293BA0A2-EDAC-4D12-961F-9515C6456DF1}"
EndProject
Project("{9A19103F-16F7-4668-BE54-9A1E7A4F7556}") = "Tyuiu.GulahmedovTG.Sprint0.Task0.V0", "Tyuiu.GulahmedovTG.Sprint0.Task0.V0\Tyuiu.GulahmedovTG.Sprint0.Task0.V0.csproj", "{BC3F0D42-213F-4323-955F-1BBFC5256C38}"
EndProject
Project("{2150E333-8FDC-42A3-9474-1A3956D46DE8}") = "Task1", "Task1", "{24B82816-E646-48BA-ABC0-9BB9C411A233}"
EndProject
Project("{9A19103F-16F7-4668-BE54-9A1E7A4F7556}") = "Tyuiu.GulahmedovTG.Sprint0.Task1.V0", "Tyuiu.GulahmedovTG.Sprint0.Task1.V0\Tyuiu.GulahmedovTG.Sprint0.Task1.V0.csproj", "{4CF5D160-412D-44B4-A0FC-4ECAB69B38C4}"
EndProject
Project("{2150E333-8FDC-42A3-9474-1A3956D46DE8}") = "Task2", "Task2", "{4717718D-A3C8-4B29-B805-F9D860D3C552}"
EndProject
Project("{9A19103F-16F7-4668-BE54-9A1E7A4F7556}") = "Tyuiu.GulahmedovTG.Sprint0.Task2.V0", "Tyuiu.GulahmedovTG.Sprint0.Task2.V0\Tyuiu.GulahmedovTG.Sprint0.Task2.V0.csproj", "{2CE690DC-5357-4147-8D62-517667B37567}"
EndProject
Project("{9A19103F-16F7-4668-BE54-9A1E7A4F7556}") = "Tyuiu.GulahmedovTG.Sprint0.Task2.V0.Lib", "Tyuiu.SprintTG.Sprint0.Task2.V0.Lib\Tyuiu.GulahmedovTG.Sprint0.Task2.V0.Lib.csproj", "{7EF29F97-AC4E-46A6-8DCE-D552D88FB001}"
EndProject
Project("{FAE04EC0-301F-11D3-BF4B-00C04F79EFBC}") = "Tyuiu.GulahmedovTG.Sprint0.Task2.V0.Test", "TestProject1\Tyuiu.GulahmedovTG.Sprint0.Task2.V0.Test.csproj", "{05077E89-8379-49A7-816F-F0AE767D234E}"
EndProject
Project("{2150E333-8FDC-42A3-9474-1A3956D46DE8}") = "Task3", "Task3", "{35DFBAB0-CF2E-4F7C-ACF6-328D6559F0F9}"
EndProject
Project("{FAE04EC0-301F-11D3-BF4B-00C04F79EFBC}") = "Tyuiu.GulahmedovTG.Sprint0.Task3.V0", "Tyuiu.GulahmedovTG.Sprint0.Task3.V0\Tyuiu.GulahmedovTG.Sprint0.Task3.V0.csproj", "{DBFCF043-B391-448C-AB5D-9C256F74FC1C}"
EndProject
Project("{FAE04EC0-301F-11D3-BF4B-00C04F79EFBC}") = "Tyuiu.GulahmedovTG.Sprint0.Task3.V0.Lib", "Tyuiu.GulahmedovTG.Sprint0.Task3.V0.Lib\Tyuiu.GulahmedovTG.Sprint0.Task3.V0.Lib.csproj", "{7468E9E5-2274-4E53-BF21-9EDFA64F3280}"
EndProject
Project("{FAE04EC0-301F-11D3-BF4B-00C04F79EFBC}") = "Tyuiu.GulahmedovTG.Sprint0.Task3.V0.Test", "Tyuiu.GulahmedovTG.Sprint0.Task3.V0.Test\Tyuiu.GulahmedovTG.Sprint0.Task3.V0.Test.csproj", "{0ECD3635-7486-4CD1-9DC5-939EF7E7E5C0}"
EndProject
Global
	GlobalSection(SolutionConfigurationPlatforms) = preSolution
		Debug|Any CPU = Debug|Any CPU
		Release|Any CPU = Release|Any CPU
	EndGlobalSection
	GlobalSection(ProjectConfigurationPlatforms) = postSolution
		{BC3F0D42-213F-4323-955F-1BBFC5256C38}.Debug|Any CPU.ActiveCfg = Debug|Any CPU
		{BC3F0D42-213F-4323-955F-1BBFC5256C38}.Debug|Any CPU.Build.0 = Debug|Any CPU
		{BC3F0D42-213F-4323-955F-1BBFC5256C38}.Release|Any CPU.ActiveCfg = Release|Any CPU
		{BC3F0D42-213F-4323-955F-1BBFC5256C38}.Release|Any CPU.Build.0 = Release|Any CPU
		{4CF5D160-412D-44B4-A0FC-4ECAB69B38C4}.Debug|Any CPU.ActiveCfg = Debug|Any CPU
		{4CF5D160-412D-44B4-A0FC-4ECAB69B38C4}.Debug|Any CPU.Build.0 = Debug|Any CPU
		{4CF5D160-412D-44B4-A0FC-4ECAB69B38C4}.Release|Any CPU.ActiveCfg = Release|Any CPU
		{4CF5D160-412D-44B4-A0FC-4ECAB69B38C4}.Release|Any CPU.Build.0 = Release|Any CPU
		{2CE690DC-5357-4147-8D62-517667B37567}.Debug|Any CPU.ActiveCfg = Debug|Any CPU
		{2CE690DC-5357-4147-8D62-517667B37567}.Debug|Any CPU.Build.0 = Debug|Any CPU
		{2CE690DC-5357-4147-8D62-517667B37567}.Release|Any CPU.ActiveCfg = Release|Any CPU
		{2CE690DC-5357-4147-8D62-517667B37567}.Release|Any CPU.Build.0 = Release|Any CPU
		{7EF29F97-AC4E-46A6-8DCE-D552D88FB001}.Debug|Any CPU.ActiveCfg = Debug|Any CPU
		{7EF29F97-AC4E-46A6-8DCE-D552D88FB001}.Debug|Any CPU.Build.0 = Debug|Any CPU
		{7EF29F97-AC4E-46A6-8DCE-D552D88FB001}.Release|Any CPU.ActiveCfg = Release|Any CPU
		{7EF29F97-AC4E-46A6-8DCE-D552D88FB001}.Release|Any CPU.Build.0 = Release|Any CPU
		{05077E89-8379-49A7-816F-F0AE767D234E}.Debug|Any CPU.ActiveCfg = Debug|Any CPU
		{05077E89-8379-49A7-816F-F0AE767D234E}.Debug|Any CPU.Build.0 = Debug|Any CPU
		{05077E89-8379-49A7-816F-F0AE767D234E}.Release|Any CPU.ActiveCfg = Release|Any CPU
		{05077E89-8379-49A7-816F-F0AE767D234E}.Release|Any CPU.Build.0 = Release|Any CPU
		{DBFCF043-B391-448C-AB5D-9C256F74FC1C}.Debug|Any CPU.ActiveCfg = Debug|Any CPU
		{DBFCF043-B391-448C-AB5D-9C256F74FC1C}.Debug|Any CPU.Build.0 = Debug|Any CPU
		{DBFCF043-B391-448C-AB5D-9C256F74FC1C}.Release|Any CPU.ActiveCfg = Release|Any CPU
		{DBFCF043-B391-448C-AB5D-9C256F74FC1C}.Release|Any CPU.Build.0 = Release|Any CPU
		{7468E9E5-2274-4E53-BF21-9EDFA64F3280}.Debug|Any CPU.ActiveCfg = Debug|Any CPU
		{7468E9E5-2274-4E53-BF21-9EDFA64F3280}.Debug|Any CPU.Build.0 = Debug|Any CPU
		{7468E9E5-2274-4E53-BF21-9EDFA64F3280}.Release|Any CPU.ActiveCfg = Release|Any CPU
		{7468E9E5-2274-4E53-BF21-9EDFA64F3280}.Release|Any CPU.Build.0 = Release|Any CPU
		{0ECD3635-7486-4CD1-9DC5-939EF7E7E5C0}.Debug|Any CPU.ActiveCfg = Debug|Any CPU
		{0ECD3635-7486-4CD1-9DC5-939EF7E7E5C0}.Debug|Any CPU.Build.0 = Debug|Any CPU
		{0ECD3635-7486-4CD1-9DC5-939EF7E7E5C0}.Release|Any CPU.ActiveCfg = Release|Any CPU
		{0ECD3635-7486-4CD1-9DC5-939EF7E7E5C0}.Release|Any CPU.Build.0 = Release|Any CPU
	EndGlobalSection
	GlobalSection(SolutionProperties) = preSolution
		HideSolutionNode = FALSE
	EndGlobalSection
	GlobalSection(NestedProjects) = preSolution
		{BC3F0D42-213F-4323-955F-1BBFC5256C38} = {293BA0A2-EDAC-4D12-961F-9515C6456DF1}
		{4CF5D160-412D-44B4-A0FC-4ECAB69B38C4} = {24B82816-E646-48BA-ABC0-9BB9C411A233}
		{2CE690DC-5357-4147-8D62-517667B37567} = {4717718D-A3C8-4B29-B805-F9D860D3C552}
		{7EF29F97-AC4E-46A6-8DCE-D552D88FB001} = {4717718D-A3C8-4B29-B805-F9D860D3C552}
		{05077E89-8379-49A7-816F-F0AE767D234E} = {4717718D-A3C8-4B29-B805-F9D860D3C552}
		{DBFCF043-B391-448C-AB5D-9C256F74FC1C} = {35DFBAB0-CF2E-4F7C-ACF6-328D6559F0F9}
		{7468E9E5-2274-4E53-BF21-9EDFA64F3280} = {35DFBAB0-CF2E-4F7C-ACF6-328D6559F0F9}
		{0ECD3635-7486-4CD1-9DC5-939EF7E7E5C0} = {35DFBAB0-CF2E-4F7C-ACF6-328D6559F0F9}
	EndGlobalSection
	GlobalSection(ExtensibilityGlobals) = postSolution
		SolutionGuid = {12C7DDE1-1698-4048-973F-0930390A4B26}
	EndGlobalSection
EndGlobal
